Microsoft Visual Studio Solution File, Format Version 12.00
# Visual Studio Version 17
VisualStudioVersion = 17.3.32929.385
MinimumVisualStudioVersion = 10.0.40219.1
Project("{9A19103F-16F7-4668-BE54-9A1E7A4F7556}") = "Tailspin.SpaceGame.Web", "Tailspin.SpaceGame.Web\Tailspin.SpaceGame.Web.csproj", "{A0C4E31E-AC75-4F39-9F59-0AA19D9B8F46}"
EndProject
Project("{9A19103F-16F7-4668-BE54-9A1E7A4F7556}") = "Tailspin.SpaceGame.Web.UITests", "Tailspin.SpaceGame.Web.UITests\Tailspin.SpaceGame.Web.UITests.csproj", "{ADCC496D-9A74-41CB-95BB-DF271BB56F5F}"
EndProject
Global
	GlobalSection(SolutionConfigurationPlatforms) = preSolution
		Debug|Any CPU = Debug|Any CPU
		Release|Any CPU = Release|Any CPU
	EndGlobalSection
	GlobalSection(ProjectConfigurationPlatforms) = postSolution
		{A0C4E31E-AC75-4F39-9F59-0AA19D9B8F46}.Debug|Any CPU.ActiveCfg = Debug|Any CPU
		{A0C4E31E-AC75-4F39-9F59-0AA19D9B8F46}.Debug|Any CPU.Build.0 = Debug|Any CPU
		{A0C4E31E-AC75-4F39-9F59-0AA19D9B8F46}.Release|Any CPU.ActiveCfg = Release|Any CPU
		{A0C4E31E-AC75-4F39-9F59-0AA19D9B8F46}.Release|Any CPU.Build.0 = Release|Any CPU
		{ADCC496D-9A74-41CB-95BB-DF271BB56F5F}.Debug|Any CPU.ActiveCfg = Debug|Any CPU
		{ADCC496D-9A74-41CB-95BB-DF271BB56F5F}.Debug|Any CPU.Build.0 = Debug|Any CPU
		{ADCC496D-9A74-41CB-95BB-DF271BB56F5F}.Release|Any CPU.ActiveCfg = Release|Any CPU
		{ADCC496D-9A74-41CB-95BB-DF271BB56F5F}.Release|Any CPU.Build.0 = Release|Any CPU
	EndGlobalSection
	GlobalSection(SolutionProperties) = preSolution
		HideSolutionNode = FALSE
	EndGlobalSection
	GlobalSection(ExtensibilityGlobals) = postSolution
		SolutionGuid = {5ACCF109-0805-460B-A184-2CA784CF0E22}
	EndGlobalSection
EndGlobal
